
Microsoft Visual Studio Solution File, Format Version 12.00
# Visual Studio 15
VisualStudioVersion = 15.0.27130.2020
MinimumVisualStudioVersion = 10.0.40219.1
Project("{FAE04EC0-301F-11D3-BF4B-00C04F79EFBC}") = "LibrarySystem", "LibrarySystem\LibrarySystem.csproj", "{A010E4D7-176F-47D7-B017-0679CAF1F472}"
EndProject
Project("{FAE04EC0-301F-11D3-BF4B-00C04F79EFBC}") = "LibrarySystem.Tests", "LibrarySystem.Tests\LibrarySystem.Tests.csproj", "{A8400BB5-66EC-4017-A0D8-66CD32B708D3}"
EndProject
Global
	GlobalSection(SolutionConfigurationPlatforms) = preSolution
		Debug|Any CPU = Debug|Any CPU
		Release|Any CPU = Release|Any CPU
	EndGlobalSection
	GlobalSection(ProjectConfigurationPlatforms) = postSolution
		{A010E4D7-176F-47D7-B017-0679CAF1F472}.Debug|Any CPU.ActiveCfg = Debug|Any CPU
		{A010E4D7-176F-47D7-B017-0679CAF1F472}.Debug|Any CPU.Build.0 = Debug|Any CPU
		{A010E4D7-176F-47D7-B017-0679CAF1F472}.Release|Any CPU.ActiveCfg = Release|Any CPU
		{A010E4D7-176F-47D7-B017-0679CAF1F472}.Release|Any CPU.Build.0 = Release|Any CPU
		{A8400BB5-66EC-4017-A0D8-66CD32B708D3}.Debug|Any CPU.ActiveCfg = Debug|Any CPU
		{A8400BB5-66EC-4017-A0D8-66CD32B708D3}.Debug|Any CPU.Build.0 = Debug|Any CPU
		{A8400BB5-66EC-4017-A0D8-66CD32B708D3}.Release|Any CPU.ActiveCfg = Release|Any CPU
		{A8400BB5-66EC-4017-A0D8-66CD32B708D3}.Release|Any CPU.Build.0 = Release|Any CPU
	EndGlobalSection
	GlobalSection(SolutionProperties) = preSolution
		HideSolutionNode = FALSE
	EndGlobalSection
	GlobalSection(ExtensibilityGlobals) = postSolution
		SolutionGuid = {E3756662-4B63-44B1-8144-B4E86E46CF26}
	EndGlobalSection
EndGlobal
